
Microsoft Visual Studio Solution File, Format Version 12.00
# Visual Studio Version 16
VisualStudioVersion = 16.0.30717.126
MinimumVisualStudioVersion = 10.0.40219.1
Project("{FAE04EC0-301F-11D3-BF4B-00C04F79EFBC}") = "Random Menu Generator", "Random Menu Generator.csproj", "{7E435FEB-4522-4120-B9F1-76918D05B70F}"
EndProject
Global
	GlobalSection(SolutionConfigurationPlatforms) = preSolution
		Debug|Any CPU = Debug|Any CPU
		Release|Any CPU = Release|Any CPU
	EndGlobalSection
	GlobalSection(ProjectConfigurationPlatforms) = postSolution
		{7E435FEB-4522-4120-B9F1-76918D05B70F}.Debug|Any CPU.ActiveCfg = Debug|Any CPU
		{7E435FEB-4522-4120-B9F1-76918D05B70F}.Debug|Any CPU.Build.0 = Debug|Any CPU
		{7E435FEB-4522-4120-B9F1-76918D05B70F}.Release|Any CPU.ActiveCfg = Release|Any CPU
		{7E435FEB-4522-4120-B9F1-76918D05B70F}.Release|Any CPU.Build.0 = Release|Any CPU
	EndGlobalSection
	GlobalSection(SolutionProperties) = preSolution
		HideSolutionNode = FALSE
	EndGlobalSection
	GlobalSection(ExtensibilityGlobals) = postSolution
		SolutionGuid = {C33F6C5B-DDB5-4116-916A-ABFB48ECEF2A}
	EndGlobalSection
EndGlobal
